
Microsoft Visual Studio Solution File, Format Version 12.00
# Visual Studio Version 17
VisualStudioVersion = 17.4.33205.214
MinimumVisualStudioVersion = 10.0.40219.1
Project("{FAE04EC0-301F-11D3-BF4B-00C04F79EFBC}") = "dataBases", "dataBases\dataBases.csproj", "{1B12F081-4EBF-49D3-A04D-153F44B35F5E}"
EndProject
Project("{FAE04EC0-301F-11D3-BF4B-00C04F79EFBC}") = "domain", "domain\domain.csproj", "{22D4863D-A1CB-4D77-8FF1-694E79F28A36}"
EndProject
Project("{FAE04EC0-301F-11D3-BF4B-00C04F79EFBC}") = "bussines", "bussines\bussines.csproj", "{2A7DF5BE-6EFB-450C-BDA1-C0AECA3157DE}"
EndProject
Global
	GlobalSection(SolutionConfigurationPlatforms) = preSolution
		Debug|Any CPU = Debug|Any CPU
		Release|Any CPU = Release|Any CPU
	EndGlobalSection
	GlobalSection(ProjectConfigurationPlatforms) = postSolution
		{1B12F081-4EBF-49D3-A04D-153F44B35F5E}.Debug|Any CPU.ActiveCfg = Debug|Any CPU
		{1B12F081-4EBF-49D3-A04D-153F44B35F5E}.Debug|Any CPU.Build.0 = Debug|Any CPU
		{1B12F081-4EBF-49D3-A04D-153F44B35F5E}.Release|Any CPU.ActiveCfg = Release|Any CPU
		{1B12F081-4EBF-49D3-A04D-153F44B35F5E}.Release|Any CPU.Build.0 = Release|Any CPU
		{22D4863D-A1CB-4D77-8FF1-694E79F28A36}.Debug|Any CPU.ActiveCfg = Debug|Any CPU
		{22D4863D-A1CB-4D77-8FF1-694E79F28A36}.Debug|Any CPU.Build.0 = Debug|Any CPU
		{22D4863D-A1CB-4D77-8FF1-694E79F28A36}.Release|Any CPU.ActiveCfg = Release|Any CPU
		{22D4863D-A1CB-4D77-8FF1-694E79F28A36}.Release|Any CPU.Build.0 = Release|Any CPU
		{2A7DF5BE-6EFB-450C-BDA1-C0AECA3157DE}.Debug|Any CPU.ActiveCfg = Debug|Any CPU
		{2A7DF5BE-6EFB-450C-BDA1-C0AECA3157DE}.Debug|Any CPU.Build.0 = Debug|Any CPU
		{2A7DF5BE-6EFB-450C-BDA1-C0AECA3157DE}.Release|Any CPU.ActiveCfg = Release|Any CPU
		{2A7DF5BE-6EFB-450C-BDA1-C0AECA3157DE}.Release|Any CPU.Build.0 = Release|Any CPU
	EndGlobalSection
	GlobalSection(SolutionProperties) = preSolution
		HideSolutionNode = FALSE
	EndGlobalSection
	GlobalSection(ExtensibilityGlobals) = postSolution
		SolutionGuid = {EEA12757-EE48-4024-9239-254BDA8B2B91}
	EndGlobalSection
EndGlobal
